github.com/edupooter/goarea v0.0.0-20220719224721-b36a76221d2a h1:GA8dWlGFGgwFEtsomQB3D/B9mA1X6M3QubuqFMt0DiM=
github.com/edupooter/goarea v0.0.0-20220719224721-b36a76221d2a/go.mod h1:S9l1VBLhsp7LIXKoMBDxca6GWwxN96gsEmFhDWc3cD4=
github.com/edupooter/goarea v0.0.0-20220719230517-f6040c375b38 h1:QSrKXYDI9ymNQYw+OhGm+9EHtKJZH0NA4X6nOdkBJ+U=
github.com/edupooter/goarea v0.0.0-20220719230517-f6040c375b38/go.mod h1:S9l1VBLhsp7LIXKoMBDxca6GWwxN96gsEmFhDWc3cD4=
